Microsoft Visual Studio Solution File, Format Version 11.00
# Visual Studio 2008

Project("{72B69D5C-35A5-04F7-2538-CCEA3E243912}") = "PureMVC-Example-Audio-Recorder-With-Unity3D", "Assembly-CSharp.csproj", "{2EDFD33C-DC66-3DFA-0AF3-E4F7F352FC87}"
EndProject
Global
	GlobalSection(SolutionConfigurationPlatforms) = preSolution
		Debug|Any CPU = Debug|Any CPU
		Release|Any CPU = Release|Any CPU
	EndGlobalSection
	GlobalSection(ProjectConfigurationPlatforms) = postSolution
		{2EDFD33C-DC66-3DFA-0AF3-E4F7F352FC87}.Debug|Any CPU.ActiveCfg = Debug|Any CPU
		{2EDFD33C-DC66-3DFA-0AF3-E4F7F352FC87}.Debug|Any CPU.Build.0 = Debug|Any CPU
		{2EDFD33C-DC66-3DFA-0AF3-E4F7F352FC87}.Release|Any CPU.ActiveCfg = Release|Any CPU
		{2EDFD33C-DC66-3DFA-0AF3-E4F7F352FC87}.Release|Any CPU.Build.0 = Release|Any CPU
	EndGlobalSection
	GlobalSection(SolutionProperties) = preSolution
		HideSolutionNode = FALSE
	EndGlobalSection
	GlobalSection(MonoDevelopProperties) = preSolution
		StartupItem = Assembly-CSharp.csproj
	EndGlobalSection
EndGlobal
